
Microsoft Visual Studio Solution File, Format Version 12.00
# Visual Studio 2012
Project("{FAE04EC0-301F-11D3-BF4B-00C04F79EFBC}") = "VideoSwitcher", "VideoSwitcherMIP\VideoSwitcher.csproj", "{F9569E08-F4EF-4EFB-9FDF-5E4D07CFF1F9}"
EndProject
Global
	GlobalSection(SolutionConfigurationPlatforms) = preSolution
		Debug|Any CPU = Debug|Any CPU
		Release|Any CPU = Release|Any CPU
	EndGlobalSection
	GlobalSection(ProjectConfigurationPlatforms) = postSolution
		{F9569E08-F4EF-4EFB-9FDF-5E4D07CFF1F9}.Debug|Any CPU.ActiveCfg = Debug|Any CPU
		{F9569E08-F4EF-4EFB-9FDF-5E4D07CFF1F9}.Debug|Any CPU.Build.0 = Debug|Any CPU
		{F9569E08-F4EF-4EFB-9FDF-5E4D07CFF1F9}.Release|Any CPU.ActiveCfg = Release|Any CPU
		{F9569E08-F4EF-4EFB-9FDF-5E4D07CFF1F9}.Release|Any CPU.Build.0 = Release|Any CPU
	EndGlobalSection
	GlobalSection(SolutionProperties) = preSolution
		HideSolutionNode = FALSE
	EndGlobalSection
EndGlobal
